
Microsoft Visual Studio Solution File, Format Version 12.00
# Visual Studio Version 17
VisualStudioVersion = 17.0.31612.314
MinimumVisualStudioVersion = 10.0.40219.1
Project("{9A19103F-16F7-4668-BE54-9A1E7A4F7556}") = "F3WOT.Business", "F3WOT.Business\F3WOT.Business.csproj", "{EB246FEF-A6B4-477F-AD45-DD014C932B04}"
EndProject
Project("{9A19103F-16F7-4668-BE54-9A1E7A4F7556}") = "F3WOT.Client", "F3WOT.Client\F3WOT.Client.csproj", "{A0D9E43C-64B3-43A4-A807-EC4493D3166D}"
EndProject
Project("{FAE04EC0-301F-11D3-BF4B-00C04F79EFBC}") = "F3WOT.Service", "F3WOT.Service\F3WOT.Service.csproj", "{EEBC9EB6-F0BC-4348-A4D9-59C6D1D2807D}"
EndProject
Project("{9A19103F-16F7-4668-BE54-9A1E7A4F7556}") = "F3WOT.Tests", "F3WOT.Tests\F3WOT.Tests.csproj", "{B483586A-7AB0-4DC6-82F9-6495AA87468A}"
EndProject
Global
	GlobalSection(SolutionConfigurationPlatforms) = preSolution
		Debug|Any CPU = Debug|Any CPU
		Release|Any CPU = Release|Any CPU
	EndGlobalSection
	GlobalSection(ProjectConfigurationPlatforms) = postSolution
		{EB246FEF-A6B4-477F-AD45-DD014C932B04}.Debug|Any CPU.ActiveCfg = Debug|Any CPU
		{EB246FEF-A6B4-477F-AD45-DD014C932B04}.Debug|Any CPU.Build.0 = Debug|Any CPU
		{EB246FEF-A6B4-477F-AD45-DD014C932B04}.Release|Any CPU.ActiveCfg = Release|Any CPU
		{EB246FEF-A6B4-477F-AD45-DD014C932B04}.Release|Any CPU.Build.0 = Release|Any CPU
		{A0D9E43C-64B3-43A4-A807-EC4493D3166D}.Debug|Any CPU.ActiveCfg = Debug|Any CPU
		{A0D9E43C-64B3-43A4-A807-EC4493D3166D}.Debug|Any CPU.Build.0 = Debug|Any CPU
		{A0D9E43C-64B3-43A4-A807-EC4493D3166D}.Release|Any CPU.ActiveCfg = Release|Any CPU
		{A0D9E43C-64B3-43A4-A807-EC4493D3166D}.Release|Any CPU.Build.0 = Release|Any CPU
		{EEBC9EB6-F0BC-4348-A4D9-59C6D1D2807D}.Debug|Any CPU.ActiveCfg = Debug|Any CPU
		{EEBC9EB6-F0BC-4348-A4D9-59C6D1D2807D}.Debug|Any CPU.Build.0 = Debug|Any CPU
		{EEBC9EB6-F0BC-4348-A4D9-59C6D1D2807D}.Release|Any CPU.ActiveCfg = Release|Any CPU
		{EEBC9EB6-F0BC-4348-A4D9-59C6D1D2807D}.Release|Any CPU.Build.0 = Release|Any CPU
		{B483586A-7AB0-4DC6-82F9-6495AA87468A}.Debug|Any CPU.ActiveCfg = Debug|Any CPU
		{B483586A-7AB0-4DC6-82F9-6495AA87468A}.Debug|Any CPU.Build.0 = Debug|Any CPU
		{B483586A-7AB0-4DC6-82F9-6495AA87468A}.Release|Any CPU.ActiveCfg = Release|Any CPU
		{B483586A-7AB0-4DC6-82F9-6495AA87468A}.Release|Any CPU.Build.0 = Release|Any CPU
	EndGlobalSection
	GlobalSection(SolutionProperties) = preSolution
		HideSolutionNode = FALSE
	EndGlobalSection
	GlobalSection(ExtensibilityGlobals) = postSolution
		SolutionGuid = {9799EF76-8E9E-4087-89AF-1B471E7C085E}
	EndGlobalSection
EndGlobal
